
Microsoft Visual Studio Solution File, Format Version 12.00
# Visual Studio Version 17
VisualStudioVersion = 17.10.34928.147
MinimumVisualStudioVersion = 10.0.40219.1
Project("{FAE04EC0-301F-11D3-BF4B-00C04F79EFBC}") = "OnTopTodo", "OnTopTodo\OnTopTodo.csproj", "{CE23A188-36DC-491C-96FE-22829BCA98AA}"
EndProject
Global
	GlobalSection(SolutionConfigurationPlatforms) = preSolution
		Debug|Any CPU = Debug|Any CPU
		Release|Any CPU = Release|Any CPU
	EndGlobalSection
	GlobalSection(ProjectConfigurationPlatforms) = postSolution
		{CE23A188-36DC-491C-96FE-22829BCA98AA}.Debug|Any CPU.ActiveCfg = Debug|Any CPU
		{CE23A188-36DC-491C-96FE-22829BCA98AA}.Debug|Any CPU.Build.0 = Debug|Any CPU
		{CE23A188-36DC-491C-96FE-22829BCA98AA}.Release|Any CPU.ActiveCfg = Release|Any CPU
		{CE23A188-36DC-491C-96FE-22829BCA98AA}.Release|Any CPU.Build.0 = Release|Any CPU
	EndGlobalSection
	GlobalSection(SolutionProperties) = preSolution
		HideSolutionNode = FALSE
	EndGlobalSection
	GlobalSection(ExtensibilityGlobals) = postSolution
		SolutionGuid = {D6C8262E-3043-4DC4-AA2B-7BE563D6AC03}
	EndGlobalSection
EndGlobal
